{
  "name": "GLP_RELI",
  "lockfileVersion": 3,
  "requires": true,
  "packages": {
    "": {
      "dependencies": {
        "autonumeric": "^4.8.1"
      }
    },
    "node_modules/autonumeric": {
      "version": "4.8.1",
      "resolved": "https://registry.npmjs.org/autonumeric/-/autonumeric-4.8.1.tgz",
      "integrity": "sha512-bXymqga5EvHSEyoifaw/+pGLJHPOv9+C31G1zUHAFU/2J+94LYm24BYqInw7XWmQJQ96r4VXUchurFmiqzxB5w==",
      "funding": {
        "type": "patreon",
        "url": "https://www.patreon.com/AlexandreBonneau"
      }
    }
  }
}
