# THIS IS AN AUTOGENERATED FILE. DO NOT EDIT THIS FILE DIRECTLY.
# yarn lockfile v1


autonumeric@^4.8.1:
  version "4.8.1"
  resolved "https://registry.npmjs.org/autonumeric/-/autonumeric-4.8.1.tgz"
  integrity sha512-bXymqga5EvHSEyoifaw/+pGLJHPOv9+C31G1zUHAFU/2J+94LYm24BYqInw7XWmQJQ96r4VXUchurFmiqzxB5w==
